
Microsoft Visual Studio Solution File, Format Version 12.00
# Visual Studio Version 16
VisualStudioVersion = 16.0.30413.136
MinimumVisualStudioVersion = 10.0.40219.1
Project("{FAE04EC0-301F-11D3-BF4B-00C04F79EFBC}") = "WindowsFormsSyncTest", "WindowsFormsSyncTest\WindowsFormsSyncTest.csproj", "{ED022EE3-5339-456E-9E71-D8DF9AA1E873}"
EndProject
Project("{9A19103F-16F7-4668-BE54-9A1E7A4F7556}") = "ClassTest01", "ClassTest01\ClassTest01.csproj", "{511A9236-9A58-45D0-BD35-26EBDC29894D}"
EndProject
Project("{9A19103F-16F7-4668-BE54-9A1E7A4F7556}") = "ConsoleApp1", "ConsoleApp1\ConsoleApp1.csproj", "{7AA657CF-4119-41C8-B860-8518F56FC4DC}"
EndProject
Project("{9A19103F-16F7-4668-BE54-9A1E7A4F7556}") = "ConsoleDelegate", "ConsoleDelegate\ConsoleDelegate.csproj", "{4BAD3FE7-4A19-4453-BCBA-714F3E10DC44}"
EndProject
Project("{9A19103F-16F7-4668-BE54-9A1E7A4F7556}") = "ConsoleDelegate2", "ConsoleDelegate2\ConsoleDelegate2.csproj", "{95329505-3931-4AB1-B8D2-97B6A1F276BA}"
EndProject
Project("{9A19103F-16F7-4668-BE54-9A1E7A4F7556}") = "ConsoleLinq1", "ConsoleLinq1\ConsoleLinq1.csproj", "{0187C613-CAF4-4086-8C28-55F22B594D17}"
EndProject
Project("{9A19103F-16F7-4668-BE54-9A1E7A4F7556}") = "ConsoleEventHandler", "ConsoleEventHandler\ConsoleEventHandler.csproj", "{D9ADF260-33F2-4818-85E2-62C46178F857}"
EndProject
Project("{FAE04EC0-301F-11D3-BF4B-00C04F79EFBC}") = "WFStreamTest01", "WFStreamTest01\WFStreamTest01.csproj", "{55B717B0-C673-4966-8714-309ED4D37A36}"
EndProject
Project("{FAE04EC0-301F-11D3-BF4B-00C04F79EFBC}") = "XMLSerialize", "XMLSerialize\XMLSerialize.csproj", "{D5FDD843-81F9-4040-AFA3-02651F2B63C6}"
EndProject
Project("{FAE04EC0-301F-11D3-BF4B-00C04F79EFBC}") = "SimpleClicker", "SimpleClicker\SimpleClicker.csproj", "{FB67A615-D63E-4D14-B82A-C75D357F9A98}"
EndProject
Project("{FAE04EC0-301F-11D3-BF4B-00C04F79EFBC}") = "DataTable01", "DataTable01\DataTable01.csproj", "{B7CD19DE-621C-44FC-B269-F509E68E8456}"
EndProject
Project("{FAE04EC0-301F-11D3-BF4B-00C04F79EFBC}") = "WFDelegate1", "WFDelegate1\WFDelegate1.csproj", "{C05C2B8D-1892-4B35-964B-2C18F2CEB8F4}"
EndProject
Project("{FAE04EC0-301F-11D3-BF4B-00C04F79EFBC}") = "SortApp1", "SortApp1\SortApp1.csproj", "{9DC2BC4E-FED0-4047-93AD-042639FFD29C}"
EndProject
Project("{FAE04EC0-301F-11D3-BF4B-00C04F79EFBC}") = "WFException01", "WFException01\WFException01.csproj", "{5B07F882-CF1E-45F5-9918-F1449323B34E}"
EndProject
Project("{FAE04EC0-301F-11D3-BF4B-00C04F79EFBC}") = "WFUserControl", "WFUserControl\WFUserControl.csproj", "{FABAD6F7-160D-46D8-8782-23FD235C2DF2}"
EndProject
Project("{FAE04EC0-301F-11D3-BF4B-00C04F79EFBC}") = "33LayoutTest", "33LayoutTest\33LayoutTest.csproj", "{9D153158-13CB-4DBF-9C5F-DDA1B5D6B312}"
EndProject
Project("{FAE04EC0-301F-11D3-BF4B-00C04F79EFBC}") = "36LinkedListSortedList", "36LinkedListSortedList\36LinkedListSortedList.csproj", "{C1C6A753-F82E-4649-8AAD-0BFA9BCB36CA}"
EndProject
Project("{FAE04EC0-301F-11D3-BF4B-00C04F79EFBC}") = "38Lock", "38Lock\38Lock.csproj", "{2991BEB1-3BE1-4BDF-BE66-26893697BE92}"
EndProject
Project("{FAE04EC0-301F-11D3-BF4B-00C04F79EFBC}") = "41.MenuTest", "41.MenuTest\41.MenuTest.csproj", "{54066272-48C3-407D-A4C7-4004BC69DFB0}"
EndProject
Project("{9A19103F-16F7-4668-BE54-9A1E7A4F7556}") = "00.AlgorithmTest", "00.AlgorithmTest\00.AlgorithmTest.csproj", "{BDAF8573-803F-4F36-BD11-7F8FCA4BE6DC}"
EndProject
Project("{FAE04EC0-301F-11D3-BF4B-00C04F79EFBC}") = "49.WebCrawling01", "WebCrawling01\49.WebCrawling01.csproj", "{5466671E-E0B7-46C3-9261-E874CFDC04A0}"
EndProject
Project("{FAE04EC0-301F-11D3-BF4B-00C04F79EFBC}") = "42.ListTest", "42.ListTest\42.ListTest.csproj", "{197B88D3-7A25-4E55-9C27-E17092E52B75}"
EndProject
Project("{9A19103F-16F7-4668-BE54-9A1E7A4F7556}") = "Util", "Util\Util.csproj", "{96BC941B-D4DD-463F-B6B2-E2AAD49D1F95}"
EndProject
Project("{FAE04EC0-301F-11D3-BF4B-00C04F79EFBC}") = "42.TreeViewTest", "42.TreeViewTest\42.TreeViewTest.csproj", "{EEDD7BE5-F686-4D45-9183-180DC0E23BAE}"
EndProject
Project("{9A19103F-16F7-4668-BE54-9A1E7A4F7556}") = "01.ConsoleTest", "01.ConsoleTest\01.ConsoleTest.csproj", "{D3338C52-6FA6-4AEA-A7FF-BDA6B7E1CE5A}"
EndProject
Project("{FAE04EC0-301F-11D3-BF4B-00C04F79EFBC}") = "02.WinServiceTest", "02.WinServiceTest\02.WinServiceTest.csproj", "{E03DC431-BDBF-4FA6-88DD-790D6511594B}"
EndProject
Project("{FAE04EC0-301F-11D3-BF4B-00C04F79EFBC}") = "SerilogtTest", "Log4netTest\SerilogtTest.csproj", "{2B293571-F73D-439C-A99E-7B3C8563DE9E}"
EndProject
Project("{9A19103F-16F7-4668-BE54-9A1E7A4F7556}") = "ConsoleApp2", "ConsoleApp2\ConsoleApp2.csproj", "{C9C1A886-1D58-421E-881B-9AA63F2BD67E}"
EndProject
Project("{FAE04EC0-301F-11D3-BF4B-00C04F79EFBC}") = "45DataBase", "45DataBase\45DataBase.csproj", "{E10C3414-38D4-4A8D-B689-6713ABBDE0DC}"
EndProject
Project("{FAE04EC0-301F-11D3-BF4B-00C04F79EFBC}") = "46MetroUITest", "46MetroUITest\46MetroUITest.csproj", "{24472DFA-8896-4960-8B8D-1C1638175C7E}"
EndProject
Global
	GlobalSection(SolutionConfigurationPlatforms) = preSolution
		Debug|Any CPU = Debug|Any CPU
		Release|Any CPU = Release|Any CPU
	EndGlobalSection
	GlobalSection(ProjectConfigurationPlatforms) = postSolution
		{ED022EE3-5339-456E-9E71-D8DF9AA1E873}.Debug|Any CPU.ActiveCfg = Debug|Any CPU
		{ED022EE3-5339-456E-9E71-D8DF9AA1E873}.Debug|Any CPU.Build.0 = Debug|Any CPU
		{ED022EE3-5339-456E-9E71-D8DF9AA1E873}.Release|Any CPU.ActiveCfg = Release|Any CPU
		{ED022EE3-5339-456E-9E71-D8DF9AA1E873}.Release|Any CPU.Build.0 = Release|Any CPU
		{511A9236-9A58-45D0-BD35-26EBDC29894D}.Debug|Any CPU.ActiveCfg = Debug|Any CPU
		{511A9236-9A58-45D0-BD35-26EBDC29894D}.Debug|Any CPU.Build.0 = Debug|Any CPU
		{511A9236-9A58-45D0-BD35-26EBDC29894D}.Release|Any CPU.ActiveCfg = Release|Any CPU
		{511A9236-9A58-45D0-BD35-26EBDC29894D}.Release|Any CPU.Build.0 = Release|Any CPU
		{7AA657CF-4119-41C8-B860-8518F56FC4DC}.Debug|Any CPU.ActiveCfg = Debug|Any CPU
		{7AA657CF-4119-41C8-B860-8518F56FC4DC}.Debug|Any CPU.Build.0 = Debug|Any CPU
		{7AA657CF-4119-41C8-B860-8518F56FC4DC}.Release|Any CPU.ActiveCfg = Release|Any CPU
		{7AA657CF-4119-41C8-B860-8518F56FC4DC}.Release|Any CPU.Build.0 = Release|Any CPU
		{4BAD3FE7-4A19-4453-BCBA-714F3E10DC44}.Debug|Any CPU.ActiveCfg = Debug|Any CPU
		{4BAD3FE7-4A19-4453-BCBA-714F3E10DC44}.Debug|Any CPU.Build.0 = Debug|Any CPU
		{4BAD3FE7-4A19-4453-BCBA-714F3E10DC44}.Release|Any CPU.ActiveCfg = Release|Any CPU
		{4BAD3FE7-4A19-4453-BCBA-714F3E10DC44}.Release|Any CPU.Build.0 = Release|Any CPU
		{95329505-3931-4AB1-B8D2-97B6A1F276BA}.Debug|Any CPU.ActiveCfg = Debug|Any CPU
		{95329505-3931-4AB1-B8D2-97B6A1F276BA}.Debug|Any CPU.Build.0 = Debug|Any CPU
		{95329505-3931-4AB1-B8D2-97B6A1F276BA}.Release|Any CPU.ActiveCfg = Release|Any CPU
		{95329505-3931-4AB1-B8D2-97B6A1F276BA}.Release|Any CPU.Build.0 = Release|Any CPU
		{0187C613-CAF4-4086-8C28-55F22B594D17}.Debug|Any CPU.ActiveCfg = Debug|Any CPU
		{0187C613-CAF4-4086-8C28-55F22B594D17}.Debug|Any CPU.Build.0 = Debug|Any CPU
		{0187C613-CAF4-4086-8C28-55F22B594D17}.Release|Any CPU.ActiveCfg = Release|Any CPU
		{0187C613-CAF4-4086-8C28-55F22B594D17}.Release|Any CPU.Build.0 = Release|Any CPU
		{D9ADF260-33F2-4818-85E2-62C46178F857}.Debug|Any CPU.ActiveCfg = Debug|Any CPU
		{D9ADF260-33F2-4818-85E2-62C46178F857}.Debug|Any CPU.Build.0 = Debug|Any CPU
		{D9ADF260-33F2-4818-85E2-62C46178F857}.Release|Any CPU.ActiveCfg = Release|Any CPU
		{D9ADF260-33F2-4818-85E2-62C46178F857}.Release|Any CPU.Build.0 = Release|Any CPU
		{55B717B0-C673-4966-8714-309ED4D37A36}.Debug|Any CPU.ActiveCfg = Debug|Any CPU
		{55B717B0-C673-4966-8714-309ED4D37A36}.Debug|Any CPU.Build.0 = Debug|Any CPU
		{55B717B0-C673-4966-8714-309ED4D37A36}.Release|Any CPU.ActiveCfg = Release|Any CPU
		{55B717B0-C673-4966-8714-309ED4D37A36}.Release|Any CPU.Build.0 = Release|Any CPU
		{D5FDD843-81F9-4040-AFA3-02651F2B63C6}.Debug|Any CPU.ActiveCfg = Debug|Any CPU
		{D5FDD843-81F9-4040-AFA3-02651F2B63C6}.Debug|Any CPU.Build.0 = Debug|Any CPU
		{D5FDD843-81F9-4040-AFA3-02651F2B63C6}.Release|Any CPU.ActiveCfg = Release|Any CPU
		{D5FDD843-81F9-4040-AFA3-02651F2B63C6}.Release|Any CPU.Build.0 = Release|Any CPU
		{FB67A615-D63E-4D14-B82A-C75D357F9A98}.Debug|Any CPU.ActiveCfg = Debug|Any CPU
		{FB67A615-D63E-4D14-B82A-C75D357F9A98}.Debug|Any CPU.Build.0 = Debug|Any CPU
		{FB67A615-D63E-4D14-B82A-C75D357F9A98}.Release|Any CPU.ActiveCfg = Release|Any CPU
		{FB67A615-D63E-4D14-B82A-C75D357F9A98}.Release|Any CPU.Build.0 = Release|Any CPU
		{B7CD19DE-621C-44FC-B269-F509E68E8456}.Debug|Any CPU.ActiveCfg = Debug|Any CPU
		{B7CD19DE-621C-44FC-B269-F509E68E8456}.Debug|Any CPU.Build.0 = Debug|Any CPU
		{B7CD19DE-621C-44FC-B269-F509E68E8456}.Release|Any CPU.ActiveCfg = Release|Any CPU
		{B7CD19DE-621C-44FC-B269-F509E68E8456}.Release|Any CPU.Build.0 = Release|Any CPU
		{C05C2B8D-1892-4B35-964B-2C18F2CEB8F4}.Debug|Any CPU.ActiveCfg = Debug|Any CPU
		{C05C2B8D-1892-4B35-964B-2C18F2CEB8F4}.Debug|Any CPU.Build.0 = Debug|Any CPU
		{C05C2B8D-1892-4B35-964B-2C18F2CEB8F4}.Release|Any CPU.ActiveCfg = Release|Any CPU
		{C05C2B8D-1892-4B35-964B-2C18F2CEB8F4}.Release|Any CPU.Build.0 = Release|Any CPU
		{9DC2BC4E-FED0-4047-93AD-042639FFD29C}.Debug|Any CPU.ActiveCfg = Debug|Any CPU
		{9DC2BC4E-FED0-4047-93AD-042639FFD29C}.Debug|Any CPU.Build.0 = Debug|Any CPU
		{9DC2BC4E-FED0-4047-93AD-042639FFD29C}.Release|Any CPU.ActiveCfg = Release|Any CPU
		{9DC2BC4E-FED0-4047-93AD-042639FFD29C}.Release|Any CPU.Build.0 = Release|Any CPU
		{5B07F882-CF1E-45F5-9918-F1449323B34E}.Debug|Any CPU.ActiveCfg = Debug|Any CPU
		{5B07F882-CF1E-45F5-9918-F1449323B34E}.Debug|Any CPU.Build.0 = Debug|Any CPU
		{5B07F882-CF1E-45F5-9918-F1449323B34E}.Release|Any CPU.ActiveCfg = Release|Any CPU
		{5B07F882-CF1E-45F5-9918-F1449323B34E}.Release|Any CPU.Build.0 = Release|Any CPU
		{FABAD6F7-160D-46D8-8782-23FD235C2DF2}.Debug|Any CPU.ActiveCfg = Debug|Any CPU
		{FABAD6F7-160D-46D8-8782-23FD235C2DF2}.Debug|Any CPU.Build.0 = Debug|Any CPU
		{FABAD6F7-160D-46D8-8782-23FD235C2DF2}.Release|Any CPU.ActiveCfg = Release|Any CPU
		{FABAD6F7-160D-46D8-8782-23FD235C2DF2}.Release|Any CPU.Build.0 = Release|Any CPU
		{9D153158-13CB-4DBF-9C5F-DDA1B5D6B312}.Debug|Any CPU.ActiveCfg = Debug|Any CPU
		{9D153158-13CB-4DBF-9C5F-DDA1B5D6B312}.Debug|Any CPU.Build.0 = Debug|Any CPU
		{9D153158-13CB-4DBF-9C5F-DDA1B5D6B312}.Release|Any CPU.ActiveCfg = Release|Any CPU
		{9D153158-13CB-4DBF-9C5F-DDA1B5D6B312}.Release|Any CPU.Build.0 = Release|Any CPU
		{C1C6A753-F82E-4649-8AAD-0BFA9BCB36CA}.Debug|Any CPU.ActiveCfg = Debug|Any CPU
		{C1C6A753-F82E-4649-8AAD-0BFA9BCB36CA}.Debug|Any CPU.Build.0 = Debug|Any CPU
		{C1C6A753-F82E-4649-8AAD-0BFA9BCB36CA}.Release|Any CPU.ActiveCfg = Release|Any CPU
		{C1C6A753-F82E-4649-8AAD-0BFA9BCB36CA}.Release|Any CPU.Build.0 = Release|Any CPU
		{2991BEB1-3BE1-4BDF-BE66-26893697BE92}.Debug|Any CPU.ActiveCfg = Debug|Any CPU
		{2991BEB1-3BE1-4BDF-BE66-26893697BE92}.Debug|Any CPU.Build.0 = Debug|Any CPU
		{2991BEB1-3BE1-4BDF-BE66-26893697BE92}.Release|Any CPU.ActiveCfg = Release|Any CPU
		{2991BEB1-3BE1-4BDF-BE66-26893697BE92}.Release|Any CPU.Build.0 = Release|Any CPU
		{54066272-48C3-407D-A4C7-4004BC69DFB0}.Debug|Any CPU.ActiveCfg = Debug|Any CPU
		{54066272-48C3-407D-A4C7-4004BC69DFB0}.Debug|Any CPU.Build.0 = Debug|Any CPU
		{54066272-48C3-407D-A4C7-4004BC69DFB0}.Release|Any CPU.ActiveCfg = Release|Any CPU
		{54066272-48C3-407D-A4C7-4004BC69DFB0}.Release|Any CPU.Build.0 = Release|Any CPU
		{BDAF8573-803F-4F36-BD11-7F8FCA4BE6DC}.Debug|Any CPU.ActiveCfg = Debug|Any CPU
		{BDAF8573-803F-4F36-BD11-7F8FCA4BE6DC}.Debug|Any CPU.Build.0 = Debug|Any CPU
		{BDAF8573-803F-4F36-BD11-7F8FCA4BE6DC}.Release|Any CPU.ActiveCfg = Release|Any CPU
		{BDAF8573-803F-4F36-BD11-7F8FCA4BE6DC}.Release|Any CPU.Build.0 = Release|Any CPU
		{5466671E-E0B7-46C3-9261-E874CFDC04A0}.Debug|Any CPU.ActiveCfg = Debug|Any CPU
		{5466671E-E0B7-46C3-9261-E874CFDC04A0}.Debug|Any CPU.Build.0 = Debug|Any CPU
		{5466671E-E0B7-46C3-9261-E874CFDC04A0}.Release|Any CPU.ActiveCfg = Release|Any CPU
		{5466671E-E0B7-46C3-9261-E874CFDC04A0}.Release|Any CPU.Build.0 = Release|Any CPU
		{197B88D3-7A25-4E55-9C27-E17092E52B75}.Debug|Any CPU.ActiveCfg = Debug|Any CPU
		{197B88D3-7A25-4E55-9C27-E17092E52B75}.Debug|Any CPU.Build.0 = Debug|Any CPU
		{197B88D3-7A25-4E55-9C27-E17092E52B75}.Release|Any CPU.ActiveCfg = Release|Any CPU
		{197B88D3-7A25-4E55-9C27-E17092E52B75}.Release|Any CPU.Build.0 = Release|Any CPU
		{96BC941B-D4DD-463F-B6B2-E2AAD49D1F95}.Debug|Any CPU.ActiveCfg = Debug|Any CPU
		{96BC941B-D4DD-463F-B6B2-E2AAD49D1F95}.Debug|Any CPU.Build.0 = Debug|Any CPU
		{96BC941B-D4DD-463F-B6B2-E2AAD49D1F95}.Release|Any CPU.ActiveCfg = Release|Any CPU
		{96BC941B-D4DD-463F-B6B2-E2AAD49D1F95}.Release|Any CPU.Build.0 = Release|Any CPU
		{EEDD7BE5-F686-4D45-9183-180DC0E23BAE}.Debug|Any CPU.ActiveCfg = Debug|Any CPU
		{EEDD7BE5-F686-4D45-9183-180DC0E23BAE}.Debug|Any CPU.Build.0 = Debug|Any CPU
		{EEDD7BE5-F686-4D45-9183-180DC0E23BAE}.Release|Any CPU.ActiveCfg = Release|Any CPU
		{EEDD7BE5-F686-4D45-9183-180DC0E23BAE}.Release|Any CPU.Build.0 = Release|Any CPU
		{D3338C52-6FA6-4AEA-A7FF-BDA6B7E1CE5A}.Debug|Any CPU.ActiveCfg = Debug|Any CPU
		{D3338C52-6FA6-4AEA-A7FF-BDA6B7E1CE5A}.Debug|Any CPU.Build.0 = Debug|Any CPU
		{D3338C52-6FA6-4AEA-A7FF-BDA6B7E1CE5A}.Release|Any CPU.ActiveCfg = Release|Any CPU
		{D3338C52-6FA6-4AEA-A7FF-BDA6B7E1CE5A}.Release|Any CPU.Build.0 = Release|Any CPU
		{E03DC431-BDBF-4FA6-88DD-790D6511594B}.Debug|Any CPU.ActiveCfg = Debug|Any CPU
		{E03DC431-BDBF-4FA6-88DD-790D6511594B}.Debug|Any CPU.Build.0 = Debug|Any CPU
		{E03DC431-BDBF-4FA6-88DD-790D6511594B}.Release|Any CPU.ActiveCfg = Release|Any CPU
		{E03DC431-BDBF-4FA6-88DD-790D6511594B}.Release|Any CPU.Build.0 = Release|Any CPU
		{2B293571-F73D-439C-A99E-7B3C8563DE9E}.Debug|Any CPU.ActiveCfg = Debug|Any CPU
		{2B293571-F73D-439C-A99E-7B3C8563DE9E}.Debug|Any CPU.Build.0 = Debug|Any CPU
		{2B293571-F73D-439C-A99E-7B3C8563DE9E}.Release|Any CPU.ActiveCfg = Release|Any CPU
		{2B293571-F73D-439C-A99E-7B3C8563DE9E}.Release|Any CPU.Build.0 = Release|Any CPU
		{C9C1A886-1D58-421E-881B-9AA63F2BD67E}.Debug|Any CPU.ActiveCfg = Debug|Any CPU
		{C9C1A886-1D58-421E-881B-9AA63F2BD67E}.Debug|Any CPU.Build.0 = Debug|Any CPU
		{C9C1A886-1D58-421E-881B-9AA63F2BD67E}.Release|Any CPU.ActiveCfg = Release|Any CPU
		{C9C1A886-1D58-421E-881B-9AA63F2BD67E}.Release|Any CPU.Build.0 = Release|Any CPU
		{E10C3414-38D4-4A8D-B689-6713ABBDE0DC}.Debug|Any CPU.ActiveCfg = Debug|Any CPU
		{E10C3414-38D4-4A8D-B689-6713ABBDE0DC}.Debug|Any CPU.Build.0 = Debug|Any CPU
		{E10C3414-38D4-4A8D-B689-6713ABBDE0DC}.Release|Any CPU.ActiveCfg = Release|Any CPU
		{E10C3414-38D4-4A8D-B689-6713ABBDE0DC}.Release|Any CPU.Build.0 = Release|Any CPU
		{24472DFA-8896-4960-8B8D-1C1638175C7E}.Debug|Any CPU.ActiveCfg = Debug|Any CPU
		{24472DFA-8896-4960-8B8D-1C1638175C7E}.Debug|Any CPU.Build.0 = Debug|Any CPU
		{24472DFA-8896-4960-8B8D-1C1638175C7E}.Release|Any CPU.ActiveCfg = Release|Any CPU
		{24472DFA-8896-4960-8B8D-1C1638175C7E}.Release|Any CPU.Build.0 = Release|Any CPU
	EndGlobalSection
	GlobalSection(SolutionProperties) = preSolution
		HideSolutionNode = FALSE
	EndGlobalSection
	GlobalSection(ExtensibilityGlobals) = postSolution
		SolutionGuid = {34146620-0C12-4F1F-BD1B-BD19C22E3CE8}
	EndGlobalSection
EndGlobal
