
Microsoft Visual Studio Solution File, Format Version 12.00
# Visual Studio Version 16
VisualStudioVersion = 16.0.30509.190
MinimumVisualStudioVersion = 10.0.40219.1
Project("{FAE04EC0-301F-11D3-BF4B-00C04F79EFBC}") = "SubscriberCounterApp", "SubscriberCounterApp\SubscriberCounterApp.csproj", "{8BD20DDD-5F73-4C7A-8747-107F333C7B3B}"
EndProject
Global
	GlobalSection(SolutionConfigurationPlatforms) = preSolution
		Debug|Any CPU = Debug|Any CPU
		Release|Any CPU = Release|Any CPU
	EndGlobalSection
	GlobalSection(ProjectConfigurationPlatforms) = postSolution
		{8BD20DDD-5F73-4C7A-8747-107F333C7B3B}.Debug|Any CPU.ActiveCfg = Debug|Any CPU
		{8BD20DDD-5F73-4C7A-8747-107F333C7B3B}.Debug|Any CPU.Build.0 = Debug|Any CPU
		{8BD20DDD-5F73-4C7A-8747-107F333C7B3B}.Release|Any CPU.ActiveCfg = Release|Any CPU
		{8BD20DDD-5F73-4C7A-8747-107F333C7B3B}.Release|Any CPU.Build.0 = Release|Any CPU
	EndGlobalSection
	GlobalSection(SolutionProperties) = preSolution
		HideSolutionNode = FALSE
	EndGlobalSection
	GlobalSection(ExtensibilityGlobals) = postSolution
		SolutionGuid = {29F67D47-6F04-401A-84B5-C51288E02BD7}
	EndGlobalSection
EndGlobal
